
Microsoft Visual Studio Solution File, Format Version 12.00
# Visual Studio Version 17
VisualStudioVersion = 17.14.36705.20
MinimumVisualStudioVersion = 10.0.40219.1
Project("{FAE04EC0-301F-11D3-BF4B-00C04F79EFBC}") = "CoinUpWorkerService", "CoinUpWorkerService.csproj", "{60E563A1-7731-401A-82F3-D0ABFB1FDD57}"
EndProject
Project("{FAE04EC0-301F-11D3-BF4B-00C04F79EFBC}") = "CoinUpAPI", "..\CoinUpAPI\CoinUpAPI.csproj", "{21F731E4-B4F8-0390-D567-5A394117A6BC}"
EndProject
Project("{FAE04EC0-301F-11D3-BF4B-00C04F79EFBC}") = "CoinUp.Shared", "..\CoinUp.Shared\CoinUp.Shared.csproj", "{1BAA5C11-4255-B1BE-1AC1-952B16F0CCA1}"
EndProject
Global
	GlobalSection(SolutionConfigurationPlatforms) = preSolution
		Debug|Any CPU = Debug|Any CPU
		Release|Any CPU = Release|Any CPU
	EndGlobalSection
	GlobalSection(ProjectConfigurationPlatforms) = postSolution
		{60E563A1-7731-401A-82F3-D0ABFB1FDD57}.Debug|Any CPU.ActiveCfg = Debug|Any CPU
		{60E563A1-7731-401A-82F3-D0ABFB1FDD57}.Debug|Any CPU.Build.0 = Debug|Any CPU
		{60E563A1-7731-401A-82F3-D0ABFB1FDD57}.Release|Any CPU.ActiveCfg = Release|Any CPU
		{60E563A1-7731-401A-82F3-D0ABFB1FDD57}.Release|Any CPU.Build.0 = Release|Any CPU
		{21F731E4-B4F8-0390-D567-5A394117A6BC}.Debug|Any CPU.ActiveCfg = Debug|Any CPU
		{21F731E4-B4F8-0390-D567-5A394117A6BC}.Debug|Any CPU.Build.0 = Debug|Any CPU
		{21F731E4-B4F8-0390-D567-5A394117A6BC}.Release|Any CPU.ActiveCfg = Release|Any CPU
		{21F731E4-B4F8-0390-D567-5A394117A6BC}.Release|Any CPU.Build.0 = Release|Any CPU
		{1BAA5C11-4255-B1BE-1AC1-952B16F0CCA1}.Debug|Any CPU.ActiveCfg = Debug|Any CPU
		{1BAA5C11-4255-B1BE-1AC1-952B16F0CCA1}.Debug|Any CPU.Build.0 = Debug|Any CPU
		{1BAA5C11-4255-B1BE-1AC1-952B16F0CCA1}.Release|Any CPU.ActiveCfg = Release|Any CPU
		{1BAA5C11-4255-B1BE-1AC1-952B16F0CCA1}.Release|Any CPU.Build.0 = Release|Any CPU
	EndGlobalSection
	GlobalSection(SolutionProperties) = preSolution
		HideSolutionNode = FALSE
	EndGlobalSection
	GlobalSection(ExtensibilityGlobals) = postSolution
		SolutionGuid = {FCC1A0C4-558F-4488-ACED-E27804D14907}
	EndGlobalSection
EndGlobal
